
Microsoft Visual Studio Solution File, Format Version 12.00
# Visual Studio 14
VisualStudioVersion = 14.0.25420.1
MinimumVisualStudioVersion = 10.0.40219.1
Project("{00D1A9C2-B5F0-4AF3-8072-F6C62B433612}") = "Recame.DB", "Recame.DB\Recame.DB.sqlproj", "{F360AA42-E279-4C1A-AB7F-A4E05A6CFDE2}"
EndProject
Global
	GlobalSection(SolutionConfigurationPlatforms) = preSolution
		Debug|Any CPU = Debug|Any CPU
		Release|Any CPU = Release|Any CPU
	EndGlobalSection
	GlobalSection(ProjectConfigurationPlatforms) = postSolution
		{F360AA42-E279-4C1A-AB7F-A4E05A6CFDE2}.Debug|Any CPU.ActiveCfg = Debug|Any CPU
		{F360AA42-E279-4C1A-AB7F-A4E05A6CFDE2}.Debug|Any CPU.Build.0 = Debug|Any CPU
		{F360AA42-E279-4C1A-AB7F-A4E05A6CFDE2}.Debug|Any CPU.Deploy.0 = Debug|Any CPU
		{F360AA42-E279-4C1A-AB7F-A4E05A6CFDE2}.Release|Any CPU.ActiveCfg = Release|Any CPU
		{F360AA42-E279-4C1A-AB7F-A4E05A6CFDE2}.Release|Any CPU.Build.0 = Release|Any CPU
		{F360AA42-E279-4C1A-AB7F-A4E05A6CFDE2}.Release|Any CPU.Deploy.0 = Release|Any CPU
	EndGlobalSection
	GlobalSection(SolutionProperties) = preSolution
		HideSolutionNode = FALSE
	EndGlobalSection
	GlobalSection(ExtensibilityGlobals) = postSolution
		SolutionGuid = {2C71BD44-A198-4067-819C-11CFAE5E8959}
	EndGlobalSection
EndGlobal
