
Microsoft Visual Studio Solution File, Format Version 12.00
# Visual Studio 15
VisualStudioVersion = 15.0.26730.12
MinimumVisualStudioVersion = 10.0.40219.1
Project("{FAE04EC0-301F-11D3-BF4B-00C04F79EFBC}") = "RECAME.Test", "RECAME\RECAME.Test.csproj", "{F921778D-5774-4ECD-B8A4-38BF99ED71B0}"
EndProject
Global
	GlobalSection(SolutionConfigurationPlatforms) = preSolution
		Debug|Any CPU = Debug|Any CPU
		Release|Any CPU = Release|Any CPU
	EndGlobalSection
	GlobalSection(ProjectConfigurationPlatforms) = postSolution
		{F921778D-5774-4ECD-B8A4-38BF99ED71B0}.Debug|Any CPU.ActiveCfg = Debug|Any CPU
		{F921778D-5774-4ECD-B8A4-38BF99ED71B0}.Debug|Any CPU.Build.0 = Debug|Any CPU
		{F921778D-5774-4ECD-B8A4-38BF99ED71B0}.Release|Any CPU.ActiveCfg = Release|Any CPU
		{F921778D-5774-4ECD-B8A4-38BF99ED71B0}.Release|Any CPU.Build.0 = Release|Any CPU
	EndGlobalSection
	GlobalSection(SolutionProperties) = preSolution
		HideSolutionNode = FALSE
	EndGlobalSection
	GlobalSection(ExtensibilityGlobals) = postSolution
		SolutionGuid = {AD53DD6D-E9CF-4069-B341-B94E7E7ABA24}
	EndGlobalSection
EndGlobal
