
Microsoft Visual Studio Solution File, Format Version 12.00
# Visual Studio 15
VisualStudioVersion = 15.0.26730.12
MinimumVisualStudioVersion = 10.0.40219.1
Project("{00D1A9C2-B5F0-4AF3-8072-F6C62B433612}") = "Recame.DB", "Recame.DB\Recame.DB.sqlproj", "{F360AA42-E279-4C1A-AB7F-A4E05A6CFDE2}"
EndProject
Project("{FAE04EC0-301F-11D3-BF4B-00C04F79EFBC}") = "Recame.DAL", "Recame.DAL\Recame.DAL.csproj", "{07EDD5DE-9E89-415D-A9C3-218D58C4709D}"
EndProject
Project("{FAE04EC0-301F-11D3-BF4B-00C04F79EFBC}") = "Recame.BLL", "Recame.BLL\Recame.BLL.csproj", "{65773FA9-6FD2-4EC2-B9C7-500D3DC3FEA4}"
EndProject
Project("{FAE04EC0-301F-11D3-BF4B-00C04F79EFBC}") = "Recame.Common", "Recame.Common\Recame.Common.csproj", "{D78786B9-5A86-49DF-AC2A-6C7DDEBA9CBF}"
EndProject
Project("{FAE04EC0-301F-11D3-BF4B-00C04F79EFBC}") = "Recame.QR", "Recame.QR\Recame.QR.csproj", "{13C37BF3-BE3E-408A-9048-503C7BC0E3CD}"
EndProject
Global
	GlobalSection(SolutionConfigurationPlatforms) = preSolution
		Debug|Any CPU = Debug|Any CPU
		Release|Any CPU = Release|Any CPU
	EndGlobalSection
	GlobalSection(ProjectConfigurationPlatforms) = postSolution
		{F360AA42-E279-4C1A-AB7F-A4E05A6CFDE2}.Debug|Any CPU.ActiveCfg = Debug|Any CPU
		{F360AA42-E279-4C1A-AB7F-A4E05A6CFDE2}.Debug|Any CPU.Build.0 = Debug|Any CPU
		{F360AA42-E279-4C1A-AB7F-A4E05A6CFDE2}.Debug|Any CPU.Deploy.0 = Debug|Any CPU
		{F360AA42-E279-4C1A-AB7F-A4E05A6CFDE2}.Release|Any CPU.ActiveCfg = Release|Any CPU
		{F360AA42-E279-4C1A-AB7F-A4E05A6CFDE2}.Release|Any CPU.Build.0 = Release|Any CPU
		{F360AA42-E279-4C1A-AB7F-A4E05A6CFDE2}.Release|Any CPU.Deploy.0 = Release|Any CPU
		{07EDD5DE-9E89-415D-A9C3-218D58C4709D}.Debug|Any CPU.ActiveCfg = Debug|Any CPU
		{07EDD5DE-9E89-415D-A9C3-218D58C4709D}.Debug|Any CPU.Build.0 = Debug|Any CPU
		{07EDD5DE-9E89-415D-A9C3-218D58C4709D}.Release|Any CPU.ActiveCfg = Release|Any CPU
		{07EDD5DE-9E89-415D-A9C3-218D58C4709D}.Release|Any CPU.Build.0 = Release|Any CPU
		{65773FA9-6FD2-4EC2-B9C7-500D3DC3FEA4}.Debug|Any CPU.ActiveCfg = Debug|Any CPU
		{65773FA9-6FD2-4EC2-B9C7-500D3DC3FEA4}.Debug|Any CPU.Build.0 = Debug|Any CPU
		{65773FA9-6FD2-4EC2-B9C7-500D3DC3FEA4}.Release|Any CPU.ActiveCfg = Release|Any CPU
		{65773FA9-6FD2-4EC2-B9C7-500D3DC3FEA4}.Release|Any CPU.Build.0 = Release|Any CPU
		{D78786B9-5A86-49DF-AC2A-6C7DDEBA9CBF}.Debug|Any CPU.ActiveCfg = Debug|Any CPU
		{D78786B9-5A86-49DF-AC2A-6C7DDEBA9CBF}.Debug|Any CPU.Build.0 = Debug|Any CPU
		{D78786B9-5A86-49DF-AC2A-6C7DDEBA9CBF}.Release|Any CPU.ActiveCfg = Release|Any CPU
		{D78786B9-5A86-49DF-AC2A-6C7DDEBA9CBF}.Release|Any CPU.Build.0 = Release|Any CPU
		{13C37BF3-BE3E-408A-9048-503C7BC0E3CD}.Debug|Any CPU.ActiveCfg = Debug|Any CPU
		{13C37BF3-BE3E-408A-9048-503C7BC0E3CD}.Debug|Any CPU.Build.0 = Debug|Any CPU
		{13C37BF3-BE3E-408A-9048-503C7BC0E3CD}.Release|Any CPU.ActiveCfg = Release|Any CPU
		{13C37BF3-BE3E-408A-9048-503C7BC0E3CD}.Release|Any CPU.Build.0 = Release|Any CPU
	EndGlobalSection
	GlobalSection(SolutionProperties) = preSolution
		HideSolutionNode = FALSE
	EndGlobalSection
	GlobalSection(ExtensibilityGlobals) = postSolution
		SolutionGuid = {2C71BD44-A198-4067-819C-11CFAE5E8959}
	EndGlobalSection
EndGlobal
