
Microsoft Visual Studio Solution File, Format Version 12.00
# Visual Studio 14
VisualStudioVersion = 14.0.25420.1
MinimumVisualStudioVersion = 10.0.40219.1
Project("{FAE04EC0-301F-11D3-BF4B-00C04F79EFBC}") = "BisolCRM.DAL", "BisolCRM.DAL\BisolCRM.DAL.csproj", "{E05E2718-A465-4C38-8176-EDB84582A58B}"
EndProject
Project("{FAE04EC0-301F-11D3-BF4B-00C04F79EFBC}") = "BisolCRM.BLL", "BisolSRM.BLL\BisolCRM.BLL.csproj", "{173EC16B-50C8-45F0-A12B-5BA02A740F5E}"
EndProject
Project("{FAE04EC0-301F-11D3-BF4B-00C04F79EFBC}") = "BisolCRM.Common", "BisolCRM.Common\BisolCRM.Common.csproj", "{70FF40A4-0E67-452B-8E9A-17B112F341B2}"
EndProject
Project("{FAE04EC0-301F-11D3-BF4B-00C04F79EFBC}") = "TestConsoleForDAL", "TestConsoleForDAL\TestConsoleForDAL.csproj", "{440E79CF-D9F1-4C85-BEA2-76D5B88A707D}"
EndProject
Project("{FAE04EC0-301F-11D3-BF4B-00C04F79EFBC}") = "BisolUITest.v1", "BisolUITest.v1\BisolUITest.v1.csproj", "{52270090-81D7-4331-B14F-28254F27F893}"
EndProject
Project("{FAE04EC0-301F-11D3-BF4B-00C04F79EFBC}") = "MultiComboBox", "MultiSelectComboBox\MultiSelectComboBox\MultiComboBox.csproj", "{6E683FFD-0F53-4225-B34C-88EF47F7D062}"
EndProject
Project("{FAE04EC0-301F-11D3-BF4B-00C04F79EFBC}") = "ConsoleTest", "ConsoleTest\ConsoleTest.csproj", "{255A5091-9DF5-4C46-AFE2-DCC06897490C}"
EndProject
Global
	GlobalSection(SolutionConfigurationPlatforms) = preSolution
		Debug|Any CPU = Debug|Any CPU
		Debug|x86 = Debug|x86
		Release|Any CPU = Release|Any CPU
		Release|x86 = Release|x86
	EndGlobalSection
	GlobalSection(ProjectConfigurationPlatforms) = postSolution
		{E05E2718-A465-4C38-8176-EDB84582A58B}.Debug|Any CPU.ActiveCfg = Debug|Any CPU
		{E05E2718-A465-4C38-8176-EDB84582A58B}.Debug|Any CPU.Build.0 = Debug|Any CPU
		{E05E2718-A465-4C38-8176-EDB84582A58B}.Debug|x86.ActiveCfg = Debug|Any CPU
		{E05E2718-A465-4C38-8176-EDB84582A58B}.Debug|x86.Build.0 = Debug|Any CPU
		{E05E2718-A465-4C38-8176-EDB84582A58B}.Release|Any CPU.ActiveCfg = Release|Any CPU
		{E05E2718-A465-4C38-8176-EDB84582A58B}.Release|Any CPU.Build.0 = Release|Any CPU
		{E05E2718-A465-4C38-8176-EDB84582A58B}.Release|x86.ActiveCfg = Release|Any CPU
		{E05E2718-A465-4C38-8176-EDB84582A58B}.Release|x86.Build.0 = Release|Any CPU
		{173EC16B-50C8-45F0-A12B-5BA02A740F5E}.Debug|Any CPU.ActiveCfg = Debug|Any CPU
		{173EC16B-50C8-45F0-A12B-5BA02A740F5E}.Debug|Any CPU.Build.0 = Debug|Any CPU
		{173EC16B-50C8-45F0-A12B-5BA02A740F5E}.Debug|x86.ActiveCfg = Debug|Any CPU
		{173EC16B-50C8-45F0-A12B-5BA02A740F5E}.Debug|x86.Build.0 = Debug|Any CPU
		{173EC16B-50C8-45F0-A12B-5BA02A740F5E}.Release|Any CPU.ActiveCfg = Release|Any CPU
		{173EC16B-50C8-45F0-A12B-5BA02A740F5E}.Release|Any CPU.Build.0 = Release|Any CPU
		{173EC16B-50C8-45F0-A12B-5BA02A740F5E}.Release|x86.ActiveCfg = Release|Any CPU
		{173EC16B-50C8-45F0-A12B-5BA02A740F5E}.Release|x86.Build.0 = Release|Any CPU
		{70FF40A4-0E67-452B-8E9A-17B112F341B2}.Debug|Any CPU.ActiveCfg = Debug|Any CPU
		{70FF40A4-0E67-452B-8E9A-17B112F341B2}.Debug|Any CPU.Build.0 = Debug|Any CPU
		{70FF40A4-0E67-452B-8E9A-17B112F341B2}.Debug|x86.ActiveCfg = Debug|Any CPU
		{70FF40A4-0E67-452B-8E9A-17B112F341B2}.Debug|x86.Build.0 = Debug|Any CPU
		{70FF40A4-0E67-452B-8E9A-17B112F341B2}.Release|Any CPU.ActiveCfg = Release|Any CPU
		{70FF40A4-0E67-452B-8E9A-17B112F341B2}.Release|Any CPU.Build.0 = Release|Any CPU
		{70FF40A4-0E67-452B-8E9A-17B112F341B2}.Release|x86.ActiveCfg = Release|Any CPU
		{70FF40A4-0E67-452B-8E9A-17B112F341B2}.Release|x86.Build.0 = Release|Any CPU
		{440E79CF-D9F1-4C85-BEA2-76D5B88A707D}.Debug|Any CPU.ActiveCfg = Debug|Any CPU
		{440E79CF-D9F1-4C85-BEA2-76D5B88A707D}.Debug|Any CPU.Build.0 = Debug|Any CPU
		{440E79CF-D9F1-4C85-BEA2-76D5B88A707D}.Debug|x86.ActiveCfg = Debug|Any CPU
		{440E79CF-D9F1-4C85-BEA2-76D5B88A707D}.Debug|x86.Build.0 = Debug|Any CPU
		{440E79CF-D9F1-4C85-BEA2-76D5B88A707D}.Release|Any CPU.ActiveCfg = Release|Any CPU
		{440E79CF-D9F1-4C85-BEA2-76D5B88A707D}.Release|Any CPU.Build.0 = Release|Any CPU
		{440E79CF-D9F1-4C85-BEA2-76D5B88A707D}.Release|x86.ActiveCfg = Release|Any CPU
		{440E79CF-D9F1-4C85-BEA2-76D5B88A707D}.Release|x86.Build.0 = Release|Any CPU
		{52270090-81D7-4331-B14F-28254F27F893}.Debug|Any CPU.ActiveCfg = Debug|Any CPU
		{52270090-81D7-4331-B14F-28254F27F893}.Debug|Any CPU.Build.0 = Debug|Any CPU
		{52270090-81D7-4331-B14F-28254F27F893}.Debug|x86.ActiveCfg = Debug|Any CPU
		{52270090-81D7-4331-B14F-28254F27F893}.Debug|x86.Build.0 = Debug|Any CPU
		{52270090-81D7-4331-B14F-28254F27F893}.Release|Any CPU.ActiveCfg = Release|Any CPU
		{52270090-81D7-4331-B14F-28254F27F893}.Release|Any CPU.Build.0 = Release|Any CPU
		{52270090-81D7-4331-B14F-28254F27F893}.Release|x86.ActiveCfg = Release|Any CPU
		{52270090-81D7-4331-B14F-28254F27F893}.Release|x86.Build.0 = Release|Any CPU
		{6E683FFD-0F53-4225-B34C-88EF47F7D062}.Debug|Any CPU.ActiveCfg = Debug|Any CPU
		{6E683FFD-0F53-4225-B34C-88EF47F7D062}.Debug|Any CPU.Build.0 = Debug|Any CPU
		{6E683FFD-0F53-4225-B34C-88EF47F7D062}.Debug|x86.ActiveCfg = Debug|x86
		{6E683FFD-0F53-4225-B34C-88EF47F7D062}.Debug|x86.Build.0 = Debug|x86
		{6E683FFD-0F53-4225-B34C-88EF47F7D062}.Release|Any CPU.ActiveCfg = Release|Any CPU
		{6E683FFD-0F53-4225-B34C-88EF47F7D062}.Release|Any CPU.Build.0 = Release|Any CPU
		{6E683FFD-0F53-4225-B34C-88EF47F7D062}.Release|x86.ActiveCfg = Release|x86
		{6E683FFD-0F53-4225-B34C-88EF47F7D062}.Release|x86.Build.0 = Release|x86
		{255A5091-9DF5-4C46-AFE2-DCC06897490C}.Debug|Any CPU.ActiveCfg = Debug|Any CPU
		{255A5091-9DF5-4C46-AFE2-DCC06897490C}.Debug|Any CPU.Build.0 = Debug|Any CPU
		{255A5091-9DF5-4C46-AFE2-DCC06897490C}.Debug|x86.ActiveCfg = Debug|Any CPU
		{255A5091-9DF5-4C46-AFE2-DCC06897490C}.Debug|x86.Build.0 = Debug|Any CPU
		{255A5091-9DF5-4C46-AFE2-DCC06897490C}.Release|Any CPU.ActiveCfg = Release|Any CPU
		{255A5091-9DF5-4C46-AFE2-DCC06897490C}.Release|Any CPU.Build.0 = Release|Any CPU
		{255A5091-9DF5-4C46-AFE2-DCC06897490C}.Release|x86.ActiveCfg = Release|Any CPU
		{255A5091-9DF5-4C46-AFE2-DCC06897490C}.Release|x86.Build.0 = Release|Any CPU
	EndGlobalSection
	GlobalSection(SolutionProperties) = preSolution
		HideSolutionNode = FALSE
	EndGlobalSection
EndGlobal
